
Microsoft Visual Studio Solution File, Format Version 12.00
# Visual Studio Version 17
VisualStudioVersion = 17.4.33205.214
MinimumVisualStudioVersion = 10.0.40219.1
Project("{9A19103F-16F7-4668-BE54-9A1E7A4F7556}") = "Somnium.Framework", "Somnium.Framework\Somnium.Framework.csproj", "{66741A15-26CF-4442-BD95-CF8F3D1F2EDC}"
EndProject
Project("{9A19103F-16F7-4668-BE54-9A1E7A4F7556}") = "Test", "Test\Test.csproj", "{5E348E64-06D2-42DA-A09D-5FA70B0F6493}"
EndProject
Project("{FAE04EC0-301F-11D3-BF4B-00C04F79EFBC}") = "Demo", "Demo\Demo.csproj", "{B529D796-2A96-4E1E-924A-95BE5FC403DD}"
EndProject
Global
	GlobalSection(SolutionConfigurationPlatforms) = preSolution
		Debug|Any CPU = Debug|Any CPU
		Debug|x64 = Debug|x64
		Debug|x86 = Debug|x86
		Release|Any CPU = Release|Any CPU
		Release|x64 = Release|x64
		Release|x86 = Release|x86
	EndGlobalSection
	GlobalSection(ProjectConfigurationPlatforms) = postSolution
		{66741A15-26CF-4442-BD95-CF8F3D1F2EDC}.Debug|Any CPU.ActiveCfg = Debug|Any CPU
		{66741A15-26CF-4442-BD95-CF8F3D1F2EDC}.Debug|Any CPU.Build.0 = Debug|Any CPU
		{66741A15-26CF-4442-BD95-CF8F3D1F2EDC}.Debug|x64.ActiveCfg = Debug|Any CPU
		{66741A15-26CF-4442-BD95-CF8F3D1F2EDC}.Debug|x64.Build.0 = Debug|Any CPU
		{66741A15-26CF-4442-BD95-CF8F3D1F2EDC}.Debug|x86.ActiveCfg = Debug|Any CPU
		{66741A15-26CF-4442-BD95-CF8F3D1F2EDC}.Debug|x86.Build.0 = Debug|Any CPU
		{66741A15-26CF-4442-BD95-CF8F3D1F2EDC}.Release|Any CPU.ActiveCfg = Release|Any CPU
		{66741A15-26CF-4442-BD95-CF8F3D1F2EDC}.Release|Any CPU.Build.0 = Release|Any CPU
		{66741A15-26CF-4442-BD95-CF8F3D1F2EDC}.Release|x64.ActiveCfg = Release|Any CPU
		{66741A15-26CF-4442-BD95-CF8F3D1F2EDC}.Release|x64.Build.0 = Release|Any CPU
		{66741A15-26CF-4442-BD95-CF8F3D1F2EDC}.Release|x86.ActiveCfg = Release|Any CPU
		{66741A15-26CF-4442-BD95-CF8F3D1F2EDC}.Release|x86.Build.0 = Release|Any CPU
		{5E348E64-06D2-42DA-A09D-5FA70B0F6493}.Debug|Any CPU.ActiveCfg = Debug|Any CPU
		{5E348E64-06D2-42DA-A09D-5FA70B0F6493}.Debug|Any CPU.Build.0 = Debug|Any CPU
		{5E348E64-06D2-42DA-A09D-5FA70B0F6493}.Debug|x64.ActiveCfg = Debug|Any CPU
		{5E348E64-06D2-42DA-A09D-5FA70B0F6493}.Debug|x64.Build.0 = Debug|Any CPU
		{5E348E64-06D2-42DA-A09D-5FA70B0F6493}.Debug|x86.ActiveCfg = Debug|Any CPU
		{5E348E64-06D2-42DA-A09D-5FA70B0F6493}.Debug|x86.Build.0 = Debug|Any CPU
		{5E348E64-06D2-42DA-A09D-5FA70B0F6493}.Release|Any CPU.ActiveCfg = Release|Any CPU
		{5E348E64-06D2-42DA-A09D-5FA70B0F6493}.Release|Any CPU.Build.0 = Release|Any CPU
		{5E348E64-06D2-42DA-A09D-5FA70B0F6493}.Release|x64.ActiveCfg = Release|Any CPU
		{5E348E64-06D2-42DA-A09D-5FA70B0F6493}.Release|x64.Build.0 = Release|Any CPU
		{5E348E64-06D2-42DA-A09D-5FA70B0F6493}.Release|x86.ActiveCfg = Release|Any CPU
		{5E348E64-06D2-42DA-A09D-5FA70B0F6493}.Release|x86.Build.0 = Release|Any CPU
		{B529D796-2A96-4E1E-924A-95BE5FC403DD}.Debug|Any CPU.ActiveCfg = Debug|Any CPU
		{B529D796-2A96-4E1E-924A-95BE5FC403DD}.Debug|Any CPU.Build.0 = Debug|Any CPU
		{B529D796-2A96-4E1E-924A-95BE5FC403DD}.Debug|x64.ActiveCfg = Debug|Any CPU
		{B529D796-2A96-4E1E-924A-95BE5FC403DD}.Debug|x64.Build.0 = Debug|Any CPU
		{B529D796-2A96-4E1E-924A-95BE5FC403DD}.Debug|x86.ActiveCfg = Debug|Any CPU
		{B529D796-2A96-4E1E-924A-95BE5FC403DD}.Debug|x86.Build.0 = Debug|Any CPU
		{B529D796-2A96-4E1E-924A-95BE5FC403DD}.Release|Any CPU.ActiveCfg = Release|Any CPU
		{B529D796-2A96-4E1E-924A-95BE5FC403DD}.Release|Any CPU.Build.0 = Release|Any CPU
		{B529D796-2A96-4E1E-924A-95BE5FC403DD}.Release|x64.ActiveCfg = Release|Any CPU
		{B529D796-2A96-4E1E-924A-95BE5FC403DD}.Release|x64.Build.0 = Release|Any CPU
		{B529D796-2A96-4E1E-924A-95BE5FC403DD}.Release|x86.ActiveCfg = Release|Any CPU
		{B529D796-2A96-4E1E-924A-95BE5FC403DD}.Release|x86.Build.0 = Release|Any CPU
	EndGlobalSection
	GlobalSection(SolutionProperties) = preSolution
		HideSolutionNode = FALSE
	EndGlobalSection
	GlobalSection(ExtensibilityGlobals) = postSolution
		SolutionGuid = {20AB7E84-4E78-4C3B-8A64-7D1C1E3DF373}
	EndGlobalSection
EndGlobal
